
Microsoft Visual Studio Solution File, Format Version 12.00
# Visual Studio 15
VisualStudioVersion = 15.0.27428.2037
MinimumVisualStudioVersion = 10.0.40219.1
Project("{FAE04EC0-301F-11D3-BF4B-00C04F79EFBC}") = "Matematyczny_Krolik", "Matematyczny_Krolik\Matematyczny_Krolik.csproj", "{A218783E-BE75-4F74-9113-CAB9C73BEB55}"
EndProject
Global
	GlobalSection(SolutionConfigurationPlatforms) = preSolution
		Debug|Any CPU = Debug|Any CPU
		Release|Any CPU = Release|Any CPU
	EndGlobalSection
	GlobalSection(ProjectConfigurationPlatforms) = postSolution
		{A218783E-BE75-4F74-9113-CAB9C73BEB55}.Debug|Any CPU.ActiveCfg = Debug|Any CPU
		{A218783E-BE75-4F74-9113-CAB9C73BEB55}.Debug|Any CPU.Build.0 = Debug|Any CPU
		{A218783E-BE75-4F74-9113-CAB9C73BEB55}.Release|Any CPU.ActiveCfg = Release|Any CPU
		{A218783E-BE75-4F74-9113-CAB9C73BEB55}.Release|Any CPU.Build.0 = Release|Any CPU
	EndGlobalSection
	GlobalSection(SolutionProperties) = preSolution
		HideSolutionNode = FALSE
	EndGlobalSection
	GlobalSection(ExtensibilityGlobals) = postSolution
		SolutionGuid = {CF902BFF-82C6-4710-8AFF-A79107F6233D}
	EndGlobalSection
EndGlobal
